
Microsoft Visual Studio Solution File, Format Version 12.00
# Visual Studio 14
VisualStudioVersion = 14.0.22823.1
MinimumVisualStudioVersion = 10.0.40219.1
Project("{FAE04EC0-301F-11D3-BF4B-00C04F79EFBC}") = "PowerPointProxy", "PowerPointProxy.csproj", "{7454114D-48B0-4B56-A1F9-60B9457639C9}"
EndProject
Project("{FAE04EC0-301F-11D3-BF4B-00C04F79EFBC}") = "Web", "..\Web\Web.csproj", "{325EA967-5AB4-4123-A8D7-4A79FEFF9149}"
EndProject
Project("{2150E333-8FDC-42A3-9474-1A3956D46DE8}") = "PublishScripts", "PublishScripts", "{A67DCD22-E75A-4C86-8297-D063603D65E0}"
	ProjectSection(SolutionItems) = preProject
		PublishScripts\AzureWebsitePublishModule.psm1 = PublishScripts\AzureWebsitePublishModule.psm1
		PublishScripts\Publish-WebApplicationWebsite.ps1 = PublishScripts\Publish-WebApplicationWebsite.ps1
	EndProjectSection
EndProject
Project("{2150E333-8FDC-42A3-9474-1A3956D46DE8}") = "Configurations", "Configurations", "{4DA5297E-57E4-4BAE-8A18-8D273F744B2C}"
	ProjectSection(SolutionItems) = preProject
		PublishScripts\Configurations\Web-WAWS-dev.json = PublishScripts\Configurations\Web-WAWS-dev.json
	EndProjectSection
EndProject
Global
	GlobalSection(SolutionConfigurationPlatforms) = preSolution
		Debug|Any CPU = Debug|Any CPU
		Release|Any CPU = Release|Any CPU
	EndGlobalSection
	GlobalSection(ProjectConfigurationPlatforms) = postSolution
		{7454114D-48B0-4B56-A1F9-60B9457639C9}.Debug|Any CPU.ActiveCfg = Debug|Any CPU
		{7454114D-48B0-4B56-A1F9-60B9457639C9}.Debug|Any CPU.Build.0 = Debug|Any CPU
		{7454114D-48B0-4B56-A1F9-60B9457639C9}.Debug|Any CPU.Deploy.0 = Debug|Any CPU
		{7454114D-48B0-4B56-A1F9-60B9457639C9}.Release|Any CPU.ActiveCfg = Release|Any CPU
		{7454114D-48B0-4B56-A1F9-60B9457639C9}.Release|Any CPU.Build.0 = Release|Any CPU
		{7454114D-48B0-4B56-A1F9-60B9457639C9}.Release|Any CPU.Deploy.0 = Release|Any CPU
		{325EA967-5AB4-4123-A8D7-4A79FEFF9149}.Debug|Any CPU.ActiveCfg = Debug|Any CPU
		{325EA967-5AB4-4123-A8D7-4A79FEFF9149}.Debug|Any CPU.Build.0 = Debug|Any CPU
		{325EA967-5AB4-4123-A8D7-4A79FEFF9149}.Release|Any CPU.ActiveCfg = Release|Any CPU
		{325EA967-5AB4-4123-A8D7-4A79FEFF9149}.Release|Any CPU.Build.0 = Release|Any CPU
	EndGlobalSection
	GlobalSection(SolutionProperties) = preSolution
		HideSolutionNode = FALSE
	EndGlobalSection
	GlobalSection(NestedProjects) = preSolution
		{4DA5297E-57E4-4BAE-8A18-8D273F744B2C} = {A67DCD22-E75A-4C86-8297-D063603D65E0}
	EndGlobalSection
EndGlobal
